
Microsoft Visual Studio Solution File, Format Version 12.00
# Visual Studio 15
VisualStudioVersion = 15.0.26124.0
MinimumVisualStudioVersion = 15.0.26124.0
Project("{9A19103F-16F7-4668-BE54-9A1E7A4F7556}") = "IotHome.server", "IotHome.server\IotHome.server.csproj", "{71A32FFF-5DAF-408C-93C4-969A36122FFB}"
EndProject
Project("{FAE04EC0-301F-11D3-BF4B-00C04F79EFBC}") = "IotHome.UWPClient", "IotHome.UWPClient\IotHome.UWPClient.csproj", "{36817C17-B026-4760-B45B-5B33E0A3AB4A}"
EndProject
Project("{FAE04EC0-301F-11D3-BF4B-00C04F79EFBC}") = "IotHome.Controller", "IotHome.Controller\IotHome.Controller.csproj", "{E702501A-A2AB-44A1-A832-F67074DE57F3}"
EndProject
Global
	GlobalSection(SolutionConfigurationPlatforms) = preSolution
		Debug|Any CPU = Debug|Any CPU
		Debug|ARM = Debug|ARM
		Debug|ARM64 = Debug|ARM64
		Debug|x64 = Debug|x64
		Debug|x86 = Debug|x86
		Release|Any CPU = Release|Any CPU
		Release|ARM = Release|ARM
		Release|ARM64 = Release|ARM64
		Release|x64 = Release|x64
		Release|x86 = Release|x86
	EndGlobalSection
	GlobalSection(ProjectConfigurationPlatforms) = postSolution
		{71A32FFF-5DAF-408C-93C4-969A36122FFB}.Debug|Any CPU.ActiveCfg = Debug|Any CPU
		{71A32FFF-5DAF-408C-93C4-969A36122FFB}.Debug|Any CPU.Build.0 = Debug|Any CPU
		{71A32FFF-5DAF-408C-93C4-969A36122FFB}.Debug|ARM.ActiveCfg = Debug|Any CPU
		{71A32FFF-5DAF-408C-93C4-969A36122FFB}.Debug|ARM.Build.0 = Debug|Any CPU
		{71A32FFF-5DAF-408C-93C4-969A36122FFB}.Debug|ARM64.ActiveCfg = Debug|Any CPU
		{71A32FFF-5DAF-408C-93C4-969A36122FFB}.Debug|ARM64.Build.0 = Debug|Any CPU
		{71A32FFF-5DAF-408C-93C4-969A36122FFB}.Debug|x64.ActiveCfg = Debug|Any CPU
		{71A32FFF-5DAF-408C-93C4-969A36122FFB}.Debug|x64.Build.0 = Debug|Any CPU
		{71A32FFF-5DAF-408C-93C4-969A36122FFB}.Debug|x86.ActiveCfg = Debug|Any CPU
		{71A32FFF-5DAF-408C-93C4-969A36122FFB}.Debug|x86.Build.0 = Debug|Any CPU
		{71A32FFF-5DAF-408C-93C4-969A36122FFB}.Release|Any CPU.ActiveCfg = Release|Any CPU
		{71A32FFF-5DAF-408C-93C4-969A36122FFB}.Release|Any CPU.Build.0 = Release|Any CPU
		{71A32FFF-5DAF-408C-93C4-969A36122FFB}.Release|ARM.ActiveCfg = Release|Any CPU
		{71A32FFF-5DAF-408C-93C4-969A36122FFB}.Release|ARM.Build.0 = Release|Any CPU
		{71A32FFF-5DAF-408C-93C4-969A36122FFB}.Release|ARM64.ActiveCfg = Release|Any CPU
		{71A32FFF-5DAF-408C-93C4-969A36122FFB}.Release|ARM64.Build.0 = Release|Any CPU
		{71A32FFF-5DAF-408C-93C4-969A36122FFB}.Release|x64.ActiveCfg = Release|Any CPU
		{71A32FFF-5DAF-408C-93C4-969A36122FFB}.Release|x64.Build.0 = Release|Any CPU
		{71A32FFF-5DAF-408C-93C4-969A36122FFB}.Release|x86.ActiveCfg = Release|Any CPU
		{71A32FFF-5DAF-408C-93C4-969A36122FFB}.Release|x86.Build.0 = Release|Any CPU
		{36817C17-B026-4760-B45B-5B33E0A3AB4A}.Debug|Any CPU.ActiveCfg = Debug|x86
		{36817C17-B026-4760-B45B-5B33E0A3AB4A}.Debug|ARM.ActiveCfg = Debug|ARM
		{36817C17-B026-4760-B45B-5B33E0A3AB4A}.Debug|ARM.Build.0 = Debug|ARM
		{36817C17-B026-4760-B45B-5B33E0A3AB4A}.Debug|ARM.Deploy.0 = Debug|ARM
		{36817C17-B026-4760-B45B-5B33E0A3AB4A}.Debug|ARM64.ActiveCfg = Debug|ARM64
		{36817C17-B026-4760-B45B-5B33E0A3AB4A}.Debug|ARM64.Build.0 = Debug|ARM64
		{36817C17-B026-4760-B45B-5B33E0A3AB4A}.Debug|ARM64.Deploy.0 = Debug|ARM64
		{36817C17-B026-4760-B45B-5B33E0A3AB4A}.Debug|x64.ActiveCfg = Debug|x64
		{36817C17-B026-4760-B45B-5B33E0A3AB4A}.Debug|x64.Build.0 = Debug|x64
		{36817C17-B026-4760-B45B-5B33E0A3AB4A}.Debug|x64.Deploy.0 = Debug|x64
		{36817C17-B026-4760-B45B-5B33E0A3AB4A}.Debug|x86.ActiveCfg = Debug|x86
		{36817C17-B026-4760-B45B-5B33E0A3AB4A}.Debug|x86.Build.0 = Debug|x86
		{36817C17-B026-4760-B45B-5B33E0A3AB4A}.Debug|x86.Deploy.0 = Debug|x86
		{36817C17-B026-4760-B45B-5B33E0A3AB4A}.Release|Any CPU.ActiveCfg = Release|x86
		{36817C17-B026-4760-B45B-5B33E0A3AB4A}.Release|ARM.ActiveCfg = Release|ARM
		{36817C17-B026-4760-B45B-5B33E0A3AB4A}.Release|ARM.Build.0 = Release|ARM
		{36817C17-B026-4760-B45B-5B33E0A3AB4A}.Release|ARM.Deploy.0 = Release|ARM
		{36817C17-B026-4760-B45B-5B33E0A3AB4A}.Release|ARM64.ActiveCfg = Release|ARM64
		{36817C17-B026-4760-B45B-5B33E0A3AB4A}.Release|ARM64.Build.0 = Release|ARM64
		{36817C17-B026-4760-B45B-5B33E0A3AB4A}.Release|ARM64.Deploy.0 = Release|ARM64
		{36817C17-B026-4760-B45B-5B33E0A3AB4A}.Release|x64.ActiveCfg = Release|x64
		{36817C17-B026-4760-B45B-5B33E0A3AB4A}.Release|x64.Build.0 = Release|x64
		{36817C17-B026-4760-B45B-5B33E0A3AB4A}.Release|x64.Deploy.0 = Release|x64
		{36817C17-B026-4760-B45B-5B33E0A3AB4A}.Release|x86.ActiveCfg = Release|x86
		{36817C17-B026-4760-B45B-5B33E0A3AB4A}.Release|x86.Build.0 = Release|x86
		{36817C17-B026-4760-B45B-5B33E0A3AB4A}.Release|x86.Deploy.0 = Release|x86
		{E702501A-A2AB-44A1-A832-F67074DE57F3}.Debug|Any CPU.ActiveCfg = Debug|x86
		{E702501A-A2AB-44A1-A832-F67074DE57F3}.Debug|ARM.ActiveCfg = Debug|ARM
		{E702501A-A2AB-44A1-A832-F67074DE57F3}.Debug|ARM.Build.0 = Debug|ARM
		{E702501A-A2AB-44A1-A832-F67074DE57F3}.Debug|ARM.Deploy.0 = Debug|ARM
		{E702501A-A2AB-44A1-A832-F67074DE57F3}.Debug|ARM64.ActiveCfg = Debug|ARM64
		{E702501A-A2AB-44A1-A832-F67074DE57F3}.Debug|ARM64.Build.0 = Debug|ARM64
		{E702501A-A2AB-44A1-A832-F67074DE57F3}.Debug|ARM64.Deploy.0 = Debug|ARM64
		{E702501A-A2AB-44A1-A832-F67074DE57F3}.Debug|x64.ActiveCfg = Debug|x64
		{E702501A-A2AB-44A1-A832-F67074DE57F3}.Debug|x64.Build.0 = Debug|x64
		{E702501A-A2AB-44A1-A832-F67074DE57F3}.Debug|x64.Deploy.0 = Debug|x64
		{E702501A-A2AB-44A1-A832-F67074DE57F3}.Debug|x86.ActiveCfg = Debug|x86
		{E702501A-A2AB-44A1-A832-F67074DE57F3}.Debug|x86.Build.0 = Debug|x86
		{E702501A-A2AB-44A1-A832-F67074DE57F3}.Debug|x86.Deploy.0 = Debug|x86
		{E702501A-A2AB-44A1-A832-F67074DE57F3}.Release|Any CPU.ActiveCfg = Release|x86
		{E702501A-A2AB-44A1-A832-F67074DE57F3}.Release|ARM.ActiveCfg = Release|ARM
		{E702501A-A2AB-44A1-A832-F67074DE57F3}.Release|ARM.Build.0 = Release|ARM
		{E702501A-A2AB-44A1-A832-F67074DE57F3}.Release|ARM.Deploy.0 = Release|ARM
		{E702501A-A2AB-44A1-A832-F67074DE57F3}.Release|ARM64.ActiveCfg = Release|ARM64
		{E702501A-A2AB-44A1-A832-F67074DE57F3}.Release|ARM64.Build.0 = Release|ARM64
		{E702501A-A2AB-44A1-A832-F67074DE57F3}.Release|ARM64.Deploy.0 = Release|ARM64
		{E702501A-A2AB-44A1-A832-F67074DE57F3}.Release|x64.ActiveCfg = Release|x64
		{E702501A-A2AB-44A1-A832-F67074DE57F3}.Release|x64.Build.0 = Release|x64
		{E702501A-A2AB-44A1-A832-F67074DE57F3}.Release|x64.Deploy.0 = Release|x64
		{E702501A-A2AB-44A1-A832-F67074DE57F3}.Release|x86.ActiveCfg = Release|x86
		{E702501A-A2AB-44A1-A832-F67074DE57F3}.Release|x86.Build.0 = Release|x86
		{E702501A-A2AB-44A1-A832-F67074DE57F3}.Release|x86.Deploy.0 = Release|x86
	EndGlobalSection
	GlobalSection(SolutionProperties) = preSolution
		HideSolutionNode = FALSE
	EndGlobalSection
	GlobalSection(ExtensibilityGlobals) = postSolution
		SolutionGuid = {85BA6A73-A9EE-486D-ADD2-3BE4E23B91C3}
	EndGlobalSection
EndGlobal
