
Microsoft Visual Studio Solution File, Format Version 12.00
# Visual Studio 15
VisualStudioVersion = 15.0.26124.0
MinimumVisualStudioVersion = 15.0.26124.0
Project("{9A19103F-16F7-4668-BE54-9A1E7A4F7556}") = "IotHome.server", "IotHome.server\IotHome.server.csproj", "{71A32FFF-5DAF-408C-93C4-969A36122FFB}"
EndProject
Project("{FAE04EC0-301F-11D3-BF4B-00C04F79EFBC}") = "IotHome.UWPClient", "IotHome.UWPClient\IotHome.UWPClient.csproj", "{36817C17-B026-4760-B45B-5B33E0A3AB4A}"
EndProject
Project("{FAE04EC0-301F-11D3-BF4B-00C04F79EFBC}") = "IotHome.Controller", "IotHome.Controller\IotHome.Controller.csproj", "{E702501A-A2AB-44A1-A832-F67074DE57F3}"
EndProject
Project("{FAE04EC0-301F-11D3-BF4B-00C04F79EFBC}") = "UltrasonicSensor", "UltrasonicSensor\UltrasonicSensor.csproj", "{344BADD4-908C-40C6-BEEB-5C85208C4A73}"
EndProject
Project("{FAE04EC0-301F-11D3-BF4B-00C04F79EFBC}") = "IotHome.BackgroundLevelController", "IotHome.BackgroundLevelController\IotHome.BackgroundLevelController.csproj", "{C0A1A8C0-1035-4D8C-9D23-A7160AFB2B34}"
EndProject
Project("{FAE04EC0-301F-11D3-BF4B-00C04F79EFBC}") = "Pumps", "Pump\Pumps.csproj", "{74982BC0-4F37-46B2-B95E-7583079C6AFC}"
EndProject
Project("{FAE04EC0-301F-11D3-BF4B-00C04F79EFBC}") = "Levels", "Levels\Levels.csproj", "{CBD632D4-E3EA-40ED-8A1A-B028B6F9C3C2}"
EndProject
Global
	GlobalSection(SolutionConfigurationPlatforms) = preSolution
		Debug|Any CPU = Debug|Any CPU
		Debug|ARM = Debug|ARM
		Debug|ARM64 = Debug|ARM64
		Debug|x64 = Debug|x64
		Debug|x86 = Debug|x86
		Release|Any CPU = Release|Any CPU
		Release|ARM = Release|ARM
		Release|ARM64 = Release|ARM64
		Release|x64 = Release|x64
		Release|x86 = Release|x86
	EndGlobalSection
	GlobalSection(ProjectConfigurationPlatforms) = postSolution
		{71A32FFF-5DAF-408C-93C4-969A36122FFB}.Debug|Any CPU.ActiveCfg = Debug|Any CPU
		{71A32FFF-5DAF-408C-93C4-969A36122FFB}.Debug|Any CPU.Build.0 = Debug|Any CPU
		{71A32FFF-5DAF-408C-93C4-969A36122FFB}.Debug|ARM.ActiveCfg = Debug|Any CPU
		{71A32FFF-5DAF-408C-93C4-969A36122FFB}.Debug|ARM.Build.0 = Debug|Any CPU
		{71A32FFF-5DAF-408C-93C4-969A36122FFB}.Debug|ARM64.ActiveCfg = Debug|Any CPU
		{71A32FFF-5DAF-408C-93C4-969A36122FFB}.Debug|ARM64.Build.0 = Debug|Any CPU
		{71A32FFF-5DAF-408C-93C4-969A36122FFB}.Debug|x64.ActiveCfg = Debug|Any CPU
		{71A32FFF-5DAF-408C-93C4-969A36122FFB}.Debug|x64.Build.0 = Debug|Any CPU
		{71A32FFF-5DAF-408C-93C4-969A36122FFB}.Debug|x86.ActiveCfg = Debug|Any CPU
		{71A32FFF-5DAF-408C-93C4-969A36122FFB}.Debug|x86.Build.0 = Debug|Any CPU
		{71A32FFF-5DAF-408C-93C4-969A36122FFB}.Release|Any CPU.ActiveCfg = Release|Any CPU
		{71A32FFF-5DAF-408C-93C4-969A36122FFB}.Release|Any CPU.Build.0 = Release|Any CPU
		{71A32FFF-5DAF-408C-93C4-969A36122FFB}.Release|ARM.ActiveCfg = Release|Any CPU
		{71A32FFF-5DAF-408C-93C4-969A36122FFB}.Release|ARM.Build.0 = Release|Any CPU
		{71A32FFF-5DAF-408C-93C4-969A36122FFB}.Release|ARM64.ActiveCfg = Release|Any CPU
		{71A32FFF-5DAF-408C-93C4-969A36122FFB}.Release|ARM64.Build.0 = Release|Any CPU
		{71A32FFF-5DAF-408C-93C4-969A36122FFB}.Release|x64.ActiveCfg = Release|Any CPU
		{71A32FFF-5DAF-408C-93C4-969A36122FFB}.Release|x64.Build.0 = Release|Any CPU
		{71A32FFF-5DAF-408C-93C4-969A36122FFB}.Release|x86.ActiveCfg = Release|Any CPU
		{71A32FFF-5DAF-408C-93C4-969A36122FFB}.Release|x86.Build.0 = Release|Any CPU
		{36817C17-B026-4760-B45B-5B33E0A3AB4A}.Debug|Any CPU.ActiveCfg = Debug|x86
		{36817C17-B026-4760-B45B-5B33E0A3AB4A}.Debug|ARM.ActiveCfg = Debug|ARM
		{36817C17-B026-4760-B45B-5B33E0A3AB4A}.Debug|ARM.Build.0 = Debug|ARM
		{36817C17-B026-4760-B45B-5B33E0A3AB4A}.Debug|ARM.Deploy.0 = Debug|ARM
		{36817C17-B026-4760-B45B-5B33E0A3AB4A}.Debug|ARM64.ActiveCfg = Debug|ARM64
		{36817C17-B026-4760-B45B-5B33E0A3AB4A}.Debug|ARM64.Build.0 = Debug|ARM64
		{36817C17-B026-4760-B45B-5B33E0A3AB4A}.Debug|ARM64.Deploy.0 = Debug|ARM64
		{36817C17-B026-4760-B45B-5B33E0A3AB4A}.Debug|x64.ActiveCfg = Debug|x64
		{36817C17-B026-4760-B45B-5B33E0A3AB4A}.Debug|x64.Build.0 = Debug|x64
		{36817C17-B026-4760-B45B-5B33E0A3AB4A}.Debug|x64.Deploy.0 = Debug|x64
		{36817C17-B026-4760-B45B-5B33E0A3AB4A}.Debug|x86.ActiveCfg = Debug|x86
		{36817C17-B026-4760-B45B-5B33E0A3AB4A}.Debug|x86.Build.0 = Debug|x86
		{36817C17-B026-4760-B45B-5B33E0A3AB4A}.Debug|x86.Deploy.0 = Debug|x86
		{36817C17-B026-4760-B45B-5B33E0A3AB4A}.Release|Any CPU.ActiveCfg = Release|x86
		{36817C17-B026-4760-B45B-5B33E0A3AB4A}.Release|ARM.ActiveCfg = Release|ARM
		{36817C17-B026-4760-B45B-5B33E0A3AB4A}.Release|ARM.Build.0 = Release|ARM
		{36817C17-B026-4760-B45B-5B33E0A3AB4A}.Release|ARM.Deploy.0 = Release|ARM
		{36817C17-B026-4760-B45B-5B33E0A3AB4A}.Release|ARM64.ActiveCfg = Release|ARM64
		{36817C17-B026-4760-B45B-5B33E0A3AB4A}.Release|ARM64.Build.0 = Release|ARM64
		{36817C17-B026-4760-B45B-5B33E0A3AB4A}.Release|ARM64.Deploy.0 = Release|ARM64
		{36817C17-B026-4760-B45B-5B33E0A3AB4A}.Release|x64.ActiveCfg = Release|x64
		{36817C17-B026-4760-B45B-5B33E0A3AB4A}.Release|x64.Build.0 = Release|x64
		{36817C17-B026-4760-B45B-5B33E0A3AB4A}.Release|x64.Deploy.0 = Release|x64
		{36817C17-B026-4760-B45B-5B33E0A3AB4A}.Release|x86.ActiveCfg = Release|x86
		{36817C17-B026-4760-B45B-5B33E0A3AB4A}.Release|x86.Build.0 = Release|x86
		{36817C17-B026-4760-B45B-5B33E0A3AB4A}.Release|x86.Deploy.0 = Release|x86
		{E702501A-A2AB-44A1-A832-F67074DE57F3}.Debug|Any CPU.ActiveCfg = Debug|x86
		{E702501A-A2AB-44A1-A832-F67074DE57F3}.Debug|ARM.ActiveCfg = Debug|ARM
		{E702501A-A2AB-44A1-A832-F67074DE57F3}.Debug|ARM.Build.0 = Debug|ARM
		{E702501A-A2AB-44A1-A832-F67074DE57F3}.Debug|ARM.Deploy.0 = Debug|ARM
		{E702501A-A2AB-44A1-A832-F67074DE57F3}.Debug|ARM64.ActiveCfg = Debug|ARM64
		{E702501A-A2AB-44A1-A832-F67074DE57F3}.Debug|ARM64.Build.0 = Debug|ARM64
		{E702501A-A2AB-44A1-A832-F67074DE57F3}.Debug|ARM64.Deploy.0 = Debug|ARM64
		{E702501A-A2AB-44A1-A832-F67074DE57F3}.Debug|x64.ActiveCfg = Debug|x64
		{E702501A-A2AB-44A1-A832-F67074DE57F3}.Debug|x64.Build.0 = Debug|x64
		{E702501A-A2AB-44A1-A832-F67074DE57F3}.Debug|x64.Deploy.0 = Debug|x64
		{E702501A-A2AB-44A1-A832-F67074DE57F3}.Debug|x86.ActiveCfg = Debug|x86
		{E702501A-A2AB-44A1-A832-F67074DE57F3}.Debug|x86.Build.0 = Debug|x86
		{E702501A-A2AB-44A1-A832-F67074DE57F3}.Debug|x86.Deploy.0 = Debug|x86
		{E702501A-A2AB-44A1-A832-F67074DE57F3}.Release|Any CPU.ActiveCfg = Release|x86
		{E702501A-A2AB-44A1-A832-F67074DE57F3}.Release|ARM.ActiveCfg = Release|ARM
		{E702501A-A2AB-44A1-A832-F67074DE57F3}.Release|ARM.Build.0 = Release|ARM
		{E702501A-A2AB-44A1-A832-F67074DE57F3}.Release|ARM.Deploy.0 = Release|ARM
		{E702501A-A2AB-44A1-A832-F67074DE57F3}.Release|ARM64.ActiveCfg = Release|ARM64
		{E702501A-A2AB-44A1-A832-F67074DE57F3}.Release|ARM64.Build.0 = Release|ARM64
		{E702501A-A2AB-44A1-A832-F67074DE57F3}.Release|ARM64.Deploy.0 = Release|ARM64
		{E702501A-A2AB-44A1-A832-F67074DE57F3}.Release|x64.ActiveCfg = Release|x64
		{E702501A-A2AB-44A1-A832-F67074DE57F3}.Release|x64.Build.0 = Release|x64
		{E702501A-A2AB-44A1-A832-F67074DE57F3}.Release|x64.Deploy.0 = Release|x64
		{E702501A-A2AB-44A1-A832-F67074DE57F3}.Release|x86.ActiveCfg = Release|x86
		{E702501A-A2AB-44A1-A832-F67074DE57F3}.Release|x86.Build.0 = Release|x86
		{E702501A-A2AB-44A1-A832-F67074DE57F3}.Release|x86.Deploy.0 = Release|x86
		{344BADD4-908C-40C6-BEEB-5C85208C4A73}.Debug|Any CPU.ActiveCfg = Debug|Any CPU
		{344BADD4-908C-40C6-BEEB-5C85208C4A73}.Debug|Any CPU.Build.0 = Debug|Any CPU
		{344BADD4-908C-40C6-BEEB-5C85208C4A73}.Debug|ARM.ActiveCfg = Debug|ARM
		{344BADD4-908C-40C6-BEEB-5C85208C4A73}.Debug|ARM.Build.0 = Debug|ARM
		{344BADD4-908C-40C6-BEEB-5C85208C4A73}.Debug|ARM64.ActiveCfg = Debug|ARM64
		{344BADD4-908C-40C6-BEEB-5C85208C4A73}.Debug|ARM64.Build.0 = Debug|ARM64
		{344BADD4-908C-40C6-BEEB-5C85208C4A73}.Debug|x64.ActiveCfg = Debug|x64
		{344BADD4-908C-40C6-BEEB-5C85208C4A73}.Debug|x64.Build.0 = Debug|x64
		{344BADD4-908C-40C6-BEEB-5C85208C4A73}.Debug|x86.ActiveCfg = Debug|x86
		{344BADD4-908C-40C6-BEEB-5C85208C4A73}.Debug|x86.Build.0 = Debug|x86
		{344BADD4-908C-40C6-BEEB-5C85208C4A73}.Release|Any CPU.ActiveCfg = Release|Any CPU
		{344BADD4-908C-40C6-BEEB-5C85208C4A73}.Release|Any CPU.Build.0 = Release|Any CPU
		{344BADD4-908C-40C6-BEEB-5C85208C4A73}.Release|ARM.ActiveCfg = Release|ARM
		{344BADD4-908C-40C6-BEEB-5C85208C4A73}.Release|ARM.Build.0 = Release|ARM
		{344BADD4-908C-40C6-BEEB-5C85208C4A73}.Release|ARM64.ActiveCfg = Release|ARM64
		{344BADD4-908C-40C6-BEEB-5C85208C4A73}.Release|ARM64.Build.0 = Release|ARM64
		{344BADD4-908C-40C6-BEEB-5C85208C4A73}.Release|x64.ActiveCfg = Release|x64
		{344BADD4-908C-40C6-BEEB-5C85208C4A73}.Release|x64.Build.0 = Release|x64
		{344BADD4-908C-40C6-BEEB-5C85208C4A73}.Release|x86.ActiveCfg = Release|x86
		{344BADD4-908C-40C6-BEEB-5C85208C4A73}.Release|x86.Build.0 = Release|x86
		{C0A1A8C0-1035-4D8C-9D23-A7160AFB2B34}.Debug|Any CPU.ActiveCfg = Debug|x86
		{C0A1A8C0-1035-4D8C-9D23-A7160AFB2B34}.Debug|ARM.ActiveCfg = Debug|ARM
		{C0A1A8C0-1035-4D8C-9D23-A7160AFB2B34}.Debug|ARM.Build.0 = Debug|ARM
		{C0A1A8C0-1035-4D8C-9D23-A7160AFB2B34}.Debug|ARM.Deploy.0 = Debug|ARM
		{C0A1A8C0-1035-4D8C-9D23-A7160AFB2B34}.Debug|ARM64.ActiveCfg = Debug|x86
		{C0A1A8C0-1035-4D8C-9D23-A7160AFB2B34}.Debug|x64.ActiveCfg = Debug|x64
		{C0A1A8C0-1035-4D8C-9D23-A7160AFB2B34}.Debug|x64.Build.0 = Debug|x64
		{C0A1A8C0-1035-4D8C-9D23-A7160AFB2B34}.Debug|x64.Deploy.0 = Debug|x64
		{C0A1A8C0-1035-4D8C-9D23-A7160AFB2B34}.Debug|x86.ActiveCfg = Debug|x86
		{C0A1A8C0-1035-4D8C-9D23-A7160AFB2B34}.Debug|x86.Build.0 = Debug|x86
		{C0A1A8C0-1035-4D8C-9D23-A7160AFB2B34}.Debug|x86.Deploy.0 = Debug|x86
		{C0A1A8C0-1035-4D8C-9D23-A7160AFB2B34}.Release|Any CPU.ActiveCfg = Release|x86
		{C0A1A8C0-1035-4D8C-9D23-A7160AFB2B34}.Release|ARM.ActiveCfg = Release|ARM
		{C0A1A8C0-1035-4D8C-9D23-A7160AFB2B34}.Release|ARM.Build.0 = Release|ARM
		{C0A1A8C0-1035-4D8C-9D23-A7160AFB2B34}.Release|ARM.Deploy.0 = Release|ARM
		{C0A1A8C0-1035-4D8C-9D23-A7160AFB2B34}.Release|ARM64.ActiveCfg = Release|x86
		{C0A1A8C0-1035-4D8C-9D23-A7160AFB2B34}.Release|x64.ActiveCfg = Release|x64
		{C0A1A8C0-1035-4D8C-9D23-A7160AFB2B34}.Release|x64.Build.0 = Release|x64
		{C0A1A8C0-1035-4D8C-9D23-A7160AFB2B34}.Release|x64.Deploy.0 = Release|x64
		{C0A1A8C0-1035-4D8C-9D23-A7160AFB2B34}.Release|x86.ActiveCfg = Release|x86
		{C0A1A8C0-1035-4D8C-9D23-A7160AFB2B34}.Release|x86.Build.0 = Release|x86
		{C0A1A8C0-1035-4D8C-9D23-A7160AFB2B34}.Release|x86.Deploy.0 = Release|x86
		{74982BC0-4F37-46B2-B95E-7583079C6AFC}.Debug|Any CPU.ActiveCfg = Debug|Any CPU
		{74982BC0-4F37-46B2-B95E-7583079C6AFC}.Debug|Any CPU.Build.0 = Debug|Any CPU
		{74982BC0-4F37-46B2-B95E-7583079C6AFC}.Debug|ARM.ActiveCfg = Debug|ARM
		{74982BC0-4F37-46B2-B95E-7583079C6AFC}.Debug|ARM.Build.0 = Debug|ARM
		{74982BC0-4F37-46B2-B95E-7583079C6AFC}.Debug|ARM64.ActiveCfg = Debug|ARM64
		{74982BC0-4F37-46B2-B95E-7583079C6AFC}.Debug|ARM64.Build.0 = Debug|ARM64
		{74982BC0-4F37-46B2-B95E-7583079C6AFC}.Debug|x64.ActiveCfg = Debug|x64
		{74982BC0-4F37-46B2-B95E-7583079C6AFC}.Debug|x64.Build.0 = Debug|x64
		{74982BC0-4F37-46B2-B95E-7583079C6AFC}.Debug|x86.ActiveCfg = Debug|x86
		{74982BC0-4F37-46B2-B95E-7583079C6AFC}.Debug|x86.Build.0 = Debug|x86
		{74982BC0-4F37-46B2-B95E-7583079C6AFC}.Release|Any CPU.ActiveCfg = Release|Any CPU
		{74982BC0-4F37-46B2-B95E-7583079C6AFC}.Release|Any CPU.Build.0 = Release|Any CPU
		{74982BC0-4F37-46B2-B95E-7583079C6AFC}.Release|ARM.ActiveCfg = Release|ARM
		{74982BC0-4F37-46B2-B95E-7583079C6AFC}.Release|ARM.Build.0 = Release|ARM
		{74982BC0-4F37-46B2-B95E-7583079C6AFC}.Release|ARM64.ActiveCfg = Release|ARM64
		{74982BC0-4F37-46B2-B95E-7583079C6AFC}.Release|ARM64.Build.0 = Release|ARM64
		{74982BC0-4F37-46B2-B95E-7583079C6AFC}.Release|x64.ActiveCfg = Release|x64
		{74982BC0-4F37-46B2-B95E-7583079C6AFC}.Release|x64.Build.0 = Release|x64
		{74982BC0-4F37-46B2-B95E-7583079C6AFC}.Release|x86.ActiveCfg = Release|x86
		{74982BC0-4F37-46B2-B95E-7583079C6AFC}.Release|x86.Build.0 = Release|x86
		{CBD632D4-E3EA-40ED-8A1A-B028B6F9C3C2}.Debug|Any CPU.ActiveCfg = Debug|Any CPU
		{CBD632D4-E3EA-40ED-8A1A-B028B6F9C3C2}.Debug|Any CPU.Build.0 = Debug|Any CPU
		{CBD632D4-E3EA-40ED-8A1A-B028B6F9C3C2}.Debug|ARM.ActiveCfg = Debug|ARM
		{CBD632D4-E3EA-40ED-8A1A-B028B6F9C3C2}.Debug|ARM.Build.0 = Debug|ARM
		{CBD632D4-E3EA-40ED-8A1A-B028B6F9C3C2}.Debug|ARM64.ActiveCfg = Debug|ARM64
		{CBD632D4-E3EA-40ED-8A1A-B028B6F9C3C2}.Debug|ARM64.Build.0 = Debug|ARM64
		{CBD632D4-E3EA-40ED-8A1A-B028B6F9C3C2}.Debug|x64.ActiveCfg = Debug|x64
		{CBD632D4-E3EA-40ED-8A1A-B028B6F9C3C2}.Debug|x64.Build.0 = Debug|x64
		{CBD632D4-E3EA-40ED-8A1A-B028B6F9C3C2}.Debug|x86.ActiveCfg = Debug|x86
		{CBD632D4-E3EA-40ED-8A1A-B028B6F9C3C2}.Debug|x86.Build.0 = Debug|x86
		{CBD632D4-E3EA-40ED-8A1A-B028B6F9C3C2}.Release|Any CPU.ActiveCfg = Release|Any CPU
		{CBD632D4-E3EA-40ED-8A1A-B028B6F9C3C2}.Release|Any CPU.Build.0 = Release|Any CPU
		{CBD632D4-E3EA-40ED-8A1A-B028B6F9C3C2}.Release|ARM.ActiveCfg = Release|ARM
		{CBD632D4-E3EA-40ED-8A1A-B028B6F9C3C2}.Release|ARM.Build.0 = Release|ARM
		{CBD632D4-E3EA-40ED-8A1A-B028B6F9C3C2}.Release|ARM64.ActiveCfg = Release|ARM64
		{CBD632D4-E3EA-40ED-8A1A-B028B6F9C3C2}.Release|ARM64.Build.0 = Release|ARM64
		{CBD632D4-E3EA-40ED-8A1A-B028B6F9C3C2}.Release|x64.ActiveCfg = Release|x64
		{CBD632D4-E3EA-40ED-8A1A-B028B6F9C3C2}.Release|x64.Build.0 = Release|x64
		{CBD632D4-E3EA-40ED-8A1A-B028B6F9C3C2}.Release|x86.ActiveCfg = Release|x86
		{CBD632D4-E3EA-40ED-8A1A-B028B6F9C3C2}.Release|x86.Build.0 = Release|x86
	EndGlobalSection
	GlobalSection(SolutionProperties) = preSolution
		HideSolutionNode = FALSE
	EndGlobalSection
	GlobalSection(ExtensibilityGlobals) = postSolution
		SolutionGuid = {85BA6A73-A9EE-486D-ADD2-3BE4E23B91C3}
	EndGlobalSection
EndGlobal
